github.com/hugelgupf/socketpair v0.0.0-20190730060125-05d35a94e714 h1:/jC7qQFrv8CrSJVmaolDVOxTfS9kc36uB6H40kdbQq8=
github.com/hugelgupf/socketpair v0.0.0-20190730060125-05d35a94e714/go.mod h1:2Goc3h8EklBH5mspfHFxBnEoURQCGzQQH1ga9Myjvis=
golang.org/x/sys v0.0.0-20190903213830-1f305c863dab h1:2WmrFWBmUPXp+o/5X0nS66SLRS6DKwZlgFD76BKThvc=
golang.org/x/sys v0.0.0-20190903213830-1f305c863dab/go.mod h1:h1NjWce9XRLGQEsW7wpKNCjG9DtNlClVuFLEZdDNbEs=
